{
  "version": "2",
  "remote": {
    "https://deno.land/std@0.122.0/_util/assert.ts": "2f868145a042a11d5ad0a3c748dcf580add8a0dbc0e876eaa0026303a5488f58",
    "https://deno.land/std@0.122.0/_util/os.ts": "dfb186cc4e968c770ab6cc3288bd65f4871be03b93beecae57d657232ecffcac",
    "https://deno.land/std@0.122.0/fs/_util.ts": "f2ce811350236ea8c28450ed822a5f42a0892316515b1cd61321dec13569c56b",
    "https://deno.land/std@0.122.0/fs/copy.ts": "631bbafbfe6cba282158abc8aeb7e8251cc69a7ec28ce12878ea1b75fec2add4",
    "https://deno.land/std@0.122.0/fs/ensure_dir.ts": "b7c103dc41a3d1dbbb522bf183c519c37065fdc234831a4a0f7d671b1ed5fea7",
    "https://deno.land/std@0.122.0/path/_constants.ts": "1247fee4a79b70c89f23499691ef169b41b6ccf01887a0abd131009c5581b853",
    "https://deno.land/std@0.122.0/path/_interface.ts": "1fa73b02aaa24867e481a48492b44f2598cd9dfa513c7b34001437007d3642e4",
    "https://deno.land/std@0.122.0/path/_util.ts": "2e06a3b9e79beaf62687196bd4b60a4c391d862cfa007a20fc3a39f778ba073b",
    "https://deno.land/std@0.122.0/path/common.ts": "f41a38a0719a1e85aa11c6ba3bea5e37c15dd009d705bd8873f94c833568cbc4",
    "https://deno.land/std@0.122.0/path/glob.ts": "7bf2349e818e332a830f3d8874c3f45dd7580b6c742ed50dbf6282d84ab18405",
    "https://deno.land/std@0.122.0/path/mod.ts": "4465dc494f271b02569edbb4a18d727063b5dbd6ed84283ff906260970a15d12",
    "https://deno.land/std@0.122.0/path/posix.ts": "34349174b9cd121625a2810837a82dd8b986bbaaad5ade690d1de75bbb4555b2",
    "https://deno.land/std@0.122.0/path/separator.ts": "8fdcf289b1b76fd726a508f57d3370ca029ae6976fcde5044007f062e643ff1c",
    "https://deno.land/std@0.122.0/path/win32.ts": "11549e8c6df8307a8efcfa47ad7b2a75da743eac7d4c89c9723a944661c8bd2e",
    "https://deno.land/std@0.123.0/_util/assert.ts": "2f868145a042a11d5ad0a3c748dcf580add8a0dbc0e876eaa0026303a5488f58",
    "https://deno.land/std@0.123.0/_util/os.ts": "dfb186cc4e968c770ab6cc3288bd65f4871be03b93beecae57d657232ecffcac",
    "https://deno.land/std@0.123.0/fmt/colors.ts": "8368ddf2d48dfe413ffd04cdbb7ae6a1009cf0dccc9c7ff1d76259d9c61a0621",
    "https://deno.land/std@0.123.0/fs/walk.ts": "705c210c736978731bd50bea0880bcf41bac48d29bca417c2534b1835e455756",
    "https://deno.land/std@0.123.0/path/_constants.ts": "1247fee4a79b70c89f23499691ef169b41b6ccf01887a0abd131009c5581b853",
    "https://deno.land/std@0.123.0/path/_interface.ts": "1fa73b02aaa24867e481a48492b44f2598cd9dfa513c7b34001437007d3642e4",
    "https://deno.land/std@0.123.0/path/_util.ts": "2e06a3b9e79beaf62687196bd4b60a4c391d862cfa007a20fc3a39f778ba073b",
    "https://deno.land/std@0.123.0/path/common.ts": "f41a38a0719a1e85aa11c6ba3bea5e37c15dd009d705bd8873f94c833568cbc4",
    "https://deno.land/std@0.123.0/path/glob.ts": "7bf2349e818e332a830f3d8874c3f45dd7580b6c742ed50dbf6282d84ab18405",
    "https://deno.land/std@0.123.0/path/mod.ts": "4465dc494f271b02569edbb4a18d727063b5dbd6ed84283ff906260970a15d12",
    "https://deno.land/std@0.123.0/path/posix.ts": "34349174b9cd121625a2810837a82dd8b986bbaaad5ade690d1de75bbb4555b2",
    "https://deno.land/std@0.123.0/path/separator.ts": "8fdcf289b1b76fd726a508f57d3370ca029ae6976fcde5044007f062e643ff1c",
    "https://deno.land/std@0.123.0/path/win32.ts": "11549e8c6df8307a8efcfa47ad7b2a75da743eac7d4c89c9723a944661c8bd2e",
    "https://deno.land/std@0.136.0/_util/assert.ts": "e94f2eb37cebd7f199952e242c77654e43333c1ac4c5c700e929ea3aa5489f74",
    "https://deno.land/std@0.136.0/_util/os.ts": "49b92edea1e82ba295ec946de8ffd956ed123e2948d9bd1d3e901b04e4307617",
    "https://deno.land/std@0.136.0/path/_constants.ts": "df1db3ffa6dd6d1252cc9617e5d72165cd2483df90e93833e13580687b6083c3",
    "https://deno.land/std@0.136.0/path/_interface.ts": "ee3b431a336b80cf445441109d089b70d87d5e248f4f90ff906820889ecf8d09",
    "https://deno.land/std@0.136.0/path/_util.ts": "c1e9686d0164e29f7d880b2158971d805b6e0efc3110d0b3e24e4b8af2190d2b",
    "https://deno.land/std@0.136.0/path/common.ts": "bee563630abd2d97f99d83c96c2fa0cca7cee103e8cb4e7699ec4d5db7bd2633",
    "https://deno.land/std@0.136.0/path/glob.ts": "cb5255638de1048973c3e69e420c77dc04f75755524cb3b2e160fe9277d939ee",
    "https://deno.land/std@0.136.0/path/mod.ts": "4275129bb766f0e475ecc5246aa35689eeade419d72a48355203f31802640be7",
    "https://deno.land/std@0.136.0/path/posix.ts": "293cdaec3ecccec0a9cc2b534302dfe308adb6f10861fa183275d6695faace44",
    "https://deno.land/std@0.136.0/path/separator.ts": "fe1816cb765a8068afb3e8f13ad272351c85cbc739af56dacfc7d93d710fe0f9",
    "https://deno.land/std@0.136.0/path/win32.ts": "31811536855e19ba37a999cd8d1b62078235548d67902ece4aa6b814596dd757",
    "https://deno.land/std@0.138.0/_deno_unstable.ts": "7f4ad5f12432baabbb0eaeb179014336547559a5e0eb3bf000b8ab508d0f4ea9",
    "https://deno.land/std@0.138.0/_util/assert.ts": "e94f2eb37cebd7f199952e242c77654e43333c1ac4c5c700e929ea3aa5489f74",
    "https://deno.land/std@0.138.0/_util/os.ts": "49b92edea1e82ba295ec946de8ffd956ed123e2948d9bd1d3e901b04e4307617",
    "https://deno.land/std@0.138.0/fs/_util.ts": "0fb24eb4bfebc2c194fb1afdb42b9c3dda12e368f43e8f2321f84fc77d42cb0f",
    "https://deno.land/std@0.138.0/fs/copy.ts": "9248d1492599957af8c693ceb10a432b09f0b0b61c60a4d6aff29b0c7d3a17b3",
    "https://deno.land/std@0.138.0/fs/empty_dir.ts": "7274d87160de34cbed0531e284df383045cf43543bbeadeb97feac598bd8f3c5",
    "https://deno.land/std@0.138.0/fs/ensure_dir.ts": "9dc109c27df4098b9fc12d949612ae5c9c7169507660dcf9ad90631833209d9d",
    "https://deno.land/std@0.138.0/fs/ensure_file.ts": "7d353e64fee3d4d1e7c6b6726a2a5e987ba402c15fb49566309042887349c545",
    "https://deno.land/std@0.138.0/fs/ensure_link.ts": "489e23df9fe3e6636048b5830ddf0f111eb29621eb85719255ad9bd645f3471b",
    "https://deno.land/std@0.138.0/fs/ensure_symlink.ts": "88dc83de1bc90ed883dd458c2d2eae3d5834a4617d12925734836e1f0803b274",
    "https://deno.land/std@0.138.0/fs/eol.ts": "b92f0b88036de507e7e6fbedbe8f666835ea9dcbf5ac85917fa1fadc919f83a5",
    "https://deno.land/std@0.138.0/fs/exists.ts": "cb734d872f8554ea40b8bff77ad33d4143c1187eac621a55bf37781a43c56f6d",
    "https://deno.land/std@0.138.0/fs/expand_glob.ts": "0c10130d67c9b02164b03df8e43c6d6defbf8e395cb69d09e84a8586e6d72ac3",
    "https://deno.land/std@0.138.0/fs/mod.ts": "4dc052c461c171abb5c25f6e0f218ab838a716230930b534ba351745864b7d6d",
    "https://deno.land/std@0.138.0/fs/move.ts": "0573cedcf583f09a9494f2dfccbf67de68a93629942d6b5e6e74a9e45d4e8a2e",
    "https://deno.land/std@0.138.0/fs/walk.ts": "117403ccd21fd322febe56ba06053b1ad5064c802170f19b1ea43214088fe95f",
    "https://deno.land/std@0.138.0/path/_constants.ts": "df1db3ffa6dd6d1252cc9617e5d72165cd2483df90e93833e13580687b6083c3",
    "https://deno.land/std@0.138.0/path/_interface.ts": "ee3b431a336b80cf445441109d089b70d87d5e248f4f90ff906820889ecf8d09",
    "https://deno.land/std@0.138.0/path/_util.ts": "c1e9686d0164e29f7d880b2158971d805b6e0efc3110d0b3e24e4b8af2190d2b",
    "https://deno.land/std@0.138.0/path/common.ts": "bee563630abd2d97f99d83c96c2fa0cca7cee103e8cb4e7699ec4d5db7bd2633",
    "https://deno.land/std@0.138.0/path/glob.ts": "cb5255638de1048973c3e69e420c77dc04f75755524cb3b2e160fe9277d939ee",
    "https://deno.land/std@0.138.0/path/mod.ts": "d3e68d0abb393fb0bf94a6d07c46ec31dc755b544b13144dee931d8d5f06a52d",
    "https://deno.land/std@0.138.0/path/posix.ts": "293cdaec3ecccec0a9cc2b534302dfe308adb6f10861fa183275d6695faace44",
    "https://deno.land/std@0.138.0/path/separator.ts": "fe1816cb765a8068afb3e8f13ad272351c85cbc739af56dacfc7d93d710fe0f9",
    "https://deno.land/std@0.138.0/path/win32.ts": "31811536855e19ba37a999cd8d1b62078235548d67902ece4aa6b814596dd757",
    "https://deno.land/std@0.91.0/_util/assert.ts": "2f868145a042a11d5ad0a3c748dcf580add8a0dbc0e876eaa0026303a5488f58",
    "https://deno.land/std@0.91.0/_util/os.ts": "e282950a0eaa96760c0cf11e7463e66babd15ec9157d4c9ed49cc0925686f6a7",
    "https://deno.land/std@0.91.0/encoding/base64.ts": "eecae390f1f1d1cae6f6c6d732ede5276bf4b9cd29b1d281678c054dc5cc009e",
    "https://deno.land/std@0.91.0/encoding/hex.ts": "f952e0727bddb3b2fd2e6889d104eacbd62e92091f540ebd6459317a61932d9b",
    "https://deno.land/std@0.91.0/fs/_util.ts": "f2ce811350236ea8c28450ed822a5f42a0892316515b1cd61321dec13569c56b",
    "https://deno.land/std@0.91.0/fs/ensure_dir.ts": "f21262e788a707aaa2dd22064da7cd40e3b2f0f067e9b2aed1b288091170cc05",
    "https://deno.land/std@0.91.0/fs/exists.ts": "b0d2e31654819cc2a8d37df45d6b14686c0cc1d802e9ff09e902a63e98b85a00",
    "https://deno.land/std@0.91.0/hash/_wasm/hash.ts": "cb6ad1ab429f8ac9d6eae48f3286e08236d662e1a2e5cfd681ba1c0f17375895",
    "https://deno.land/std@0.91.0/hash/_wasm/wasm.js": "94b1b997ae6fb4e6d2156bcea8f79cfcd1e512a91252b08800a92071e5e84e1a",
    "https://deno.land/std@0.91.0/hash/mod.ts": "5d032bd34186cda2f8d17fc122d621430953a6030d4b3f11172004715e3e2441",
    "https://deno.land/std@0.91.0/path/_constants.ts": "1247fee4a79b70c89f23499691ef169b41b6ccf01887a0abd131009c5581b853",
    "https://deno.land/std@0.91.0/path/_interface.ts": "1fa73b02aaa24867e481a48492b44f2598cd9dfa513c7b34001437007d3642e4",
    "https://deno.land/std@0.91.0/path/_util.ts": "2e06a3b9e79beaf62687196bd4b60a4c391d862cfa007a20fc3a39f778ba073b",
    "https://deno.land/std@0.91.0/path/common.ts": "eaf03d08b569e8a87e674e4e265e099f237472b6fd135b3cbeae5827035ea14a",
    "https://deno.land/std@0.91.0/path/glob.ts": "4a524c1c9da3e79a9fdabdc6e850cd9e41bdf31e442856ffa19c5b123268ca95",
    "https://deno.land/std@0.91.0/path/mod.ts": "4465dc494f271b02569edbb4a18d727063b5dbd6ed84283ff906260970a15d12",
    "https://deno.land/std@0.91.0/path/posix.ts": "f56c3c99feb47f30a40ce9d252ef6f00296fa7c0fcb6dd81211bdb3b8b99ca3b",
    "https://deno.land/std@0.91.0/path/separator.ts": "8fdcf289b1b76fd726a508f57d3370ca029ae6976fcde5044007f062e643ff1c",
    "https://deno.land/std@0.91.0/path/win32.ts": "77f7b3604e0de40f3a7c698e8a79e7f601dc187035a1c21cb1e596666ce112f8",
    "https://deno.land/std@0.93.0/_util/assert.ts": "2f868145a042a11d5ad0a3c748dcf580add8a0dbc0e876eaa0026303a5488f58",
    "https://deno.land/std@0.93.0/_util/os.ts": "e282950a0eaa96760c0cf11e7463e66babd15ec9157d4c9ed49cc0925686f6a7",
    "https://deno.land/std@0.93.0/bytes/mod.ts": "1ae1ccfe98c4b979f12b015982c7444f81fcb921bea7aa215bf37d84f46e1e13",
    "https://deno.land/std@0.93.0/encoding/base64.ts": "eecae390f1f1d1cae6f6c6d732ede5276bf4b9cd29b1d281678c054dc5cc009e",
    "https://deno.land/std@0.93.0/fmt/printf.ts": "7ec612e9b89958b8f7710129f74f502327aad285a9e48ee5297f5882fbc3a078",
    "https://deno.land/std@0.93.0/fs/_util.ts": "f2ce811350236ea8c28450ed822a5f42a0892316515b1cd61321dec13569c56b",
    "https://deno.land/std@0.93.0/fs/copy.ts": "631bbafbfe6cba282158abc8aeb7e8251cc69a7ec28ce12878ea1b75fec2add4",
    "https://deno.land/std@0.93.0/fs/ensure_dir.ts": "b7c103dc41a3d1dbbb522bf183c519c37065fdc234831a4a0f7d671b1ed5fea7",
    "https://deno.land/std@0.93.0/fs/exists.ts": "b0d2e31654819cc2a8d37df45d6b14686c0cc1d802e9ff09e902a63e98b85a00",
    "https://deno.land/std@0.93.0/fs/walk.ts": "8d37f2164a7397668842a7cb5d53b9e7bcd216462623b1b96abe519f76d7f8b9",
    "https://deno.land/std@0.93.0/io/buffer.ts": "2a92f02c1d8daaebaf13e5678ea5969c89f4fab533f687b9e7e86f49f11c3118",
    "https://deno.land/std@0.93.0/io/bufio.ts": "729ea49afacd27ed0687451c694752dcaa68250871d1c957ca886ef5d82c461f",
    "https://deno.land/std@0.93.0/io/ioutil.ts": "275fa440494df9b4b3aa656301ced2eeac533feec128b3a39b2b40f4cd957e42",
    "https://deno.land/std@0.93.0/io/mod.ts": "ae04a3f647845dd8ce0a523c208f80636d0640d9e5c730f0e6272cf86c1c0855",
    "https://deno.land/std@0.93.0/io/readers.ts": "17403919724fef2f343c88555606368868a5c752a1099ad801f6a381c170f62d",
    "https://deno.land/std@0.93.0/io/streams.ts": "61c441d9d60eda8d5a3782517042536ce87ffd29a8bb72bdab4bdb5fe048e877",
    "https://deno.land/std@0.93.0/io/util.ts": "843ccf667ff291ba2315c2419a54b4e76dbc7c0f6c3152f640eac4dc954e3753",
    "https://deno.land/std@0.93.0/io/writers.ts": "5453864be11da42dc91f19eb14c0a0e27e9e7f21f5c7174f5419921a6ab64fda",
    "https://deno.land/std@0.93.0/path/_constants.ts": "1247fee4a79b70c89f23499691ef169b41b6ccf01887a0abd131009c5581b853",
    "https://deno.land/std@0.93.0/path/_interface.ts": "1fa73b02aaa24867e481a48492b44f2598cd9dfa513c7b34001437007d3642e4",
    "https://deno.land/std@0.93.0/path/_util.ts": "2e06a3b9e79beaf62687196bd4b60a4c391d862cfa007a20fc3a39f778ba073b",
    "https://deno.land/std@0.93.0/path/common.ts": "eaf03d08b569e8a87e674e4e265e099f237472b6fd135b3cbeae5827035ea14a",
    "https://deno.land/std@0.93.0/path/glob.ts": "4a524c1c9da3e79a9fdabdc6e850cd9e41bdf31e442856ffa19c5b123268ca95",
    "https://deno.land/std@0.93.0/path/mod.ts": "4465dc494f271b02569edbb4a18d727063b5dbd6ed84283ff906260970a15d12",
    "https://deno.land/std@0.93.0/path/posix.ts": "f56c3c99feb47f30a40ce9d252ef6f00296fa7c0fcb6dd81211bdb3b8b99ca3b",
    "https://deno.land/std@0.93.0/path/separator.ts": "8fdcf289b1b76fd726a508f57d3370ca029ae6976fcde5044007f062e643ff1c",
    "https://deno.land/std@0.93.0/path/win32.ts": "77f7b3604e0de40f3a7c698e8a79e7f601dc187035a1c21cb1e596666ce112f8",
    "https://deno.land/x/cache@0.2.12/deps.ts": "f992c28c82770eab287f0ea332eae502e397c78e5f27a0a4512f59dd54dee865",
    "https://deno.land/x/cache@0.2.12/directories.ts": "ef48531cab3f827252e248596d15cede0de179a2fb15392ae24cf8034519994f",
    "https://deno.land/x/drake@v1.5.1/lib/deps.ts": "5df9314641116dcecb7302f6044826b6be1f3c852244356b801f629289fb578b",
    "https://deno.land/x/drake@v1.5.1/lib/env.ts": "da778937e58d4a6e552d5f3cea11a3527dcf63fa1f18a756bed7611c25a7060e",
    "https://deno.land/x/drake@v1.5.1/lib/graph.ts": "f953e904d4bdcbf3783bdf687cb11ca449003395698a0dea3f2fcedcd2a3fe39",
    "https://deno.land/x/drake@v1.5.1/lib/help.ts": "d0ee8d081bf4f2d28c7aa71850be94cd9c8eea857ed231eada7b036f798cc383",
    "https://deno.land/x/drake@v1.5.1/lib/registry.ts": "13906efa735f0fd03f38b3a1fdcb50d7d432306416a9d3212203dafa1999b9d8",
    "https://deno.land/x/drake@v1.5.1/lib/tasks.ts": "4da700366fe15881c665e90d1668b60aafe0af2e0c8d10c2a48739986f971fcc",
    "https://deno.land/x/drake@v1.5.1/lib/utils.ts": "55e56f4f0fb119374ae063a907e2bbe325443f6ea9f88408612ac619ac617fdc",
    "https://deno.land/x/drake@v1.5.1/mod.ts": "56d43e13b0c80dbb473944b5554567592299bba228947c6b3c9dc0f68a217d74",
    "https://deno.land/x/puppeteer@9.0.2/mod.ts": "71db86d044b2f88d600dccc7db26a9b60ee5c677df4181c2b78c379dde6aa721",
    "https://deno.land/x/puppeteer@9.0.2/src/deno/BrowserFetcher.ts": "2db5f8dcf35f2cfe274a7a3e6896cfb801b94f9677458b929c61aa914d42e896",
    "https://deno.land/x/puppeteer@9.0.2/src/deno/BrowserRunner.ts": "c0d0b43653f9d413b9a928a638728d54efa2e7cf04f226c0998a5b2ebdf3d0cb",
    "https://deno.land/x/puppeteer@9.0.2/src/deno/LaunchOptions.ts": "16a89285fade2690d50eaa3b81e1412cb6c4c4f0a4ac77484a8c016b5f860f9f",
    "https://deno.land/x/puppeteer@9.0.2/src/deno/Launcher.ts": "f6b9e06a480bae99c17e86a9a0e96069c2296f53c779007994bca6de0afb6240",
    "https://deno.land/x/puppeteer@9.0.2/src/deno/Puppeteer.ts": "0986f80385ec31a8504d3a4365046a92003133a3ac3498d81027fbb66b7bdfe2",
    "https://deno.land/x/puppeteer@9.0.2/src/initialize-deno.ts": "a5343857202caaafbd88304b795e9d50d69ff8cc917d5c978b3a570ce6c2abfc",
    "https://deno.land/x/puppeteer@9.0.2/src/mod.ts": "72d600588db0da6039b8a86f735328b3250512b1e48431ea2971f6a7da74033e",
    "https://deno.land/x/puppeteer@9.0.2/vendor/puppeteer-core/puppeteer/api-docs-entry.js": "a55a36397c1bc8eab8b95272ce9c46e78143b6d7ca3a7e82df8b6d705a0f5069",
    "https://deno.land/x/puppeteer@9.0.2/vendor/puppeteer-core/puppeteer/common/Accessibility.js": "4c01e7ba73ac18f3ecef52df03e5f5cdae12ef70cdb36de1ab367a02ae04866a",
    "https://deno.land/x/puppeteer@9.0.2/vendor/puppeteer-core/puppeteer/common/AriaQueryHandler.js": "b3737f66b8ce7e43fb78b587275aceac5ac4e047a3bfd94de283d9fd43f055ac",
    "https://deno.land/x/puppeteer@9.0.2/vendor/puppeteer-core/puppeteer/common/Browser.js": "90c92ede08bcd0d891491564ea47ca6a22bb7249acd6f8d6f5bf23296879b58b",
    "https://deno.land/x/puppeteer@9.0.2/vendor/puppeteer-core/puppeteer/common/BrowserConnector.js": "251bb23c23b19b09845dea87517deea907bf0786611309573b0a26c130445c0a",
    "https://deno.land/x/puppeteer@9.0.2/vendor/puppeteer-core/puppeteer/common/BrowserWebSocketTransport.js": "f6c608cfda24b412bd1cde07c04e7c7cc756693773905a7e80d79133919583bc",
    "https://deno.land/x/puppeteer@9.0.2/vendor/puppeteer-core/puppeteer/common/Connection.js": "90c3168f924e76ec862b6561a92fb3b1e1d200834dacb8695770fee69b87368f",
    "https://deno.land/x/puppeteer@9.0.2/vendor/puppeteer-core/puppeteer/common/ConsoleMessage.js": "faabe990639238ddb41782a0fe82d6128bbd6577ba9ffbe44ef0c450c5ac4c51",
    "https://deno.land/x/puppeteer@9.0.2/vendor/puppeteer-core/puppeteer/common/Coverage.js": "10224122e182877c622430117cbb392e33289d29900a6b61f8d53c5b6d450396",
    "https://deno.land/x/puppeteer@9.0.2/vendor/puppeteer-core/puppeteer/common/DOMWorld.js": "67f903d242ab5b0185fd48d34159eab090dee1ff2073f88450e0fbeee4ab57e3",
    "https://deno.land/x/puppeteer@9.0.2/vendor/puppeteer-core/puppeteer/common/Debug.js": "977cfc65732a355cad914897670faf3c2dcc39bac03d60fa63a6d1a59d967f68",
    "https://deno.land/x/puppeteer@9.0.2/vendor/puppeteer-core/puppeteer/common/DeviceDescriptors.js": "8ce76f7087b02cb4b40d6ab48bb98aae9c1bc38f2569df082e93566d66e13bc6",
    "https://deno.land/x/puppeteer@9.0.2/vendor/puppeteer-core/puppeteer/common/Dialog.js": "b32e883c46f6ea5d21509374ea04615127b6900982d73beab1aa249873745f33",
    "https://deno.land/x/puppeteer@9.0.2/vendor/puppeteer-core/puppeteer/common/EmulationManager.js": "dd3a8a39733143399c6a32b410e108111bca997d77a1668fda6cd26ee01954e9",
    "https://deno.land/x/puppeteer@9.0.2/vendor/puppeteer-core/puppeteer/common/Errors.js": "9991bd552eace560f0319007d340a7878ad62db524261cb2580472aa2cc8d0c0",
    "https://deno.land/x/puppeteer@9.0.2/vendor/puppeteer-core/puppeteer/common/EvalTypes.js": "960fb4f46b3afaf8b7edbd26f5d0d395a82a59a71ae7e34f917a6ff616216a4f",
    "https://deno.land/x/puppeteer@9.0.2/vendor/puppeteer-core/puppeteer/common/EventEmitter.js": "ad70440692fc6b21d4f06834363cea9e54db84545782074a8f395b9c1b839363",
    "https://deno.land/x/puppeteer@9.0.2/vendor/puppeteer-core/puppeteer/common/ExecutionContext.js": "4d606c9e5d0510998b4038c8ae79b1417186658f49af8d72ec37ac9f38a19173",
    "https://deno.land/x/puppeteer@9.0.2/vendor/puppeteer-core/puppeteer/common/FileChooser.js": "63aeb7205d8c8ba56c7825beb20433390166990662983d60fde161a01fad89ab",
    "https://deno.land/x/puppeteer@9.0.2/vendor/puppeteer-core/puppeteer/common/FrameManager.js": "9b74e3dbe48ab25d8c439355e38cebb38489539a792d57ed9725abd9541b4330",
    "https://deno.land/x/puppeteer@9.0.2/vendor/puppeteer-core/puppeteer/common/HTTPRequest.js": "c516c647107be654c61c41f80b44ad160cb0cc77a07eafdab7cc643126d1c2a7",
    "https://deno.land/x/puppeteer@9.0.2/vendor/puppeteer-core/puppeteer/common/HTTPResponse.js": "0029632833415ee3c1e476b35a14dc52c070a4fdf7d2df57af6e2a98fa1189cb",
    "https://deno.land/x/puppeteer@9.0.2/vendor/puppeteer-core/puppeteer/common/Input.js": "8a8e5788155ac65ab172a511a415adcf739bc0bcf174df296da678f86729880a",
    "https://deno.land/x/puppeteer@9.0.2/vendor/puppeteer-core/puppeteer/common/JSHandle.js": "5621d8431c2b875967b97c51265baacb934c4a22683d6e2499b62d4b2e141bc7",
    "https://deno.land/x/puppeteer@9.0.2/vendor/puppeteer-core/puppeteer/common/LifecycleWatcher.js": "e316c4d909ba6aef7466b1b537a1eedfc248ff8ce6e8330c7dddab86e3980774",
    "https://deno.land/x/puppeteer@9.0.2/vendor/puppeteer-core/puppeteer/common/NetworkConditions.js": "67db52b009023933fac58353eec588a1aa7f11e8e97218753945a4604f9cb599",
    "https://deno.land/x/puppeteer@9.0.2/vendor/puppeteer-core/puppeteer/common/NetworkManager.js": "adb8a46a016b2d334c5faae041ed5ab4b56f638397d7f882468921d669ead2f2",
    "https://deno.land/x/puppeteer@9.0.2/vendor/puppeteer-core/puppeteer/common/PDFOptions.js": "165900d7859beb09ade08004f127a43baf6636b70fef3963e892469f7967cd7e",
    "https://deno.land/x/puppeteer@9.0.2/vendor/puppeteer-core/puppeteer/common/Page.js": "b149e6d17db5d6ea7d52445c7af9e3bf5f349d5f59d3e858476bde210a808322",
    "https://deno.land/x/puppeteer@9.0.2/vendor/puppeteer-core/puppeteer/common/Product.js": "bf93481a7be7d15bf474b7dd0352cbf5f2282e7b27bef423be9a2971f227a823",
    "https://deno.land/x/puppeteer@9.0.2/vendor/puppeteer-core/puppeteer/common/Puppeteer.js": "1efef37cecb4f2f335a04628c513262cc934cef452b030d54702346f6577636f",
    "https://deno.land/x/puppeteer@9.0.2/vendor/puppeteer-core/puppeteer/common/PuppeteerViewport.js": "bb396810641954eeb95e60d4340aef70c0e0bf9c87f8b2887786d54d5c8118a6",
    "https://deno.land/x/puppeteer@9.0.2/vendor/puppeteer-core/puppeteer/common/QueryHandler.js": "b28b9b58e4d7b367ee11f1a93af7f91322f033f4bd239ca4ab63aaeef8d6d911",
    "https://deno.land/x/puppeteer@9.0.2/vendor/puppeteer-core/puppeteer/common/SecurityDetails.js": "c2c4d9b7c5616c5539e8deba5e682ca10c3df40a49cc682cb053a18a15353e83",
    "https://deno.land/x/puppeteer@9.0.2/vendor/puppeteer-core/puppeteer/common/Target.js": "9e20195316451cefddbdb3a796295a8d39d7204b9ca7f931af55398cf6934d73",
    "https://deno.land/x/puppeteer@9.0.2/vendor/puppeteer-core/puppeteer/common/TimeoutSettings.js": "286cab0f8a9930f09a57fd72b8217a3a28a816dbc905e6920e713a85e14542ed",
    "https://deno.land/x/puppeteer@9.0.2/vendor/puppeteer-core/puppeteer/common/Tracing.js": "2e1c0d672b4dce30f1f6e081c078c2576219b9e5c2d2584612e8f215a793a6ba",
    "https://deno.land/x/puppeteer@9.0.2/vendor/puppeteer-core/puppeteer/common/USKeyboardLayout.js": "f7ba02238caefe55ce02a2ac38335b24dbda41451f09ae8069cbc7ba86803751",
    "https://deno.land/x/puppeteer@9.0.2/vendor/puppeteer-core/puppeteer/common/WebWorker.js": "24d3373a4bfa4f4e5fcba011a5d1e9578baaeac1ef8bff36f6c848ebba05927d",
    "https://deno.land/x/puppeteer@9.0.2/vendor/puppeteer-core/puppeteer/common/assert.js": "5f5d23050d046c7e51df1dc70533b8ad644dea69d3555397f76e1a6239b9a252",
    "https://deno.land/x/puppeteer@9.0.2/vendor/puppeteer-core/puppeteer/common/fetch.js": "36b0cd741b9029bedfe42a543c87a08f5910861eed336ccff56d3f107756bcc8",
    "https://deno.land/x/puppeteer@9.0.2/vendor/puppeteer-core/puppeteer/common/helper.js": "c94086cd127687e7f6f9d7b07e6cbe6b4b16ce91e42c33da9d73109c84828d83",
    "https://deno.land/x/puppeteer@9.0.2/vendor/puppeteer-core/puppeteer/revisions.js": "079ffb136b686c87b9ab11588a27ec64c8104edfe69798baf21820c66916ceed",
    "https://deno.land/x/puppeteer@9.0.2/vendor/puppeteer-core/vendor/cache.ts": "5237f44a6df69fbc9d9ccece95454d5b323f859af15fc516cd62fe3063132fbf",
    "https://deno.land/x/puppeteer@9.0.2/vendor/puppeteer-core/vendor/mitt/src/index.js": "de30bb591b479ad9746d14c5e2d752284787e0b2a2dc1c0b082ebee9a963a1e9",
    "https://deno.land/x/puppeteer@9.0.2/vendor/puppeteer-core/vendor/std.ts": "f40a7715328679df890400a7ed5ca6d959695f416f15f164cf3ad30bf0b00e90",
    "https://deno.land/x/puppeteer@9.0.2/vendor/puppeteer-core/vendor/zip/mod.ts": "17704bcb04928e605041097860e7ef27390b163252b0a1e424d3cc3965e60294",
    "https://deno.land/x/puppeteer@9.0.2/vendor/puppeteer-core/vendor/zip/types.ts": "1528d1279fbb64dd118c371331c641a3a5eff2b594336fb38a7659cf4c53b2d1",
    "https://dev.jspm.io/jszip@3.5.0": "fc3ec7c1e3eb994f34b17036f5ede62607fb9bb2fa1d4bb12127c96f4464dc61",
    "https://dev.jspm.io/npm:@jspm/core@1.1.1/nodelibs/buffer.js": "b22b2ad13db5aa1d201ff168606a0887c506a32f2b63a8b8cd2bcc573729feed",
    "https://dev.jspm.io/npm:@jspm/core@1.1.1/nodelibs/chunk-0c2d1322.js": "3eed4c7a6cf097af01d9102b533f5a00f12163316eee6aa9c5c83e8b2adb24e5",
    "https://dev.jspm.io/npm:@jspm/core@1.1.1/nodelibs/chunk-6e68c801.js": "74674e5f5c7ba683a97a08e210e39e53790e454b99ec2012eddabc952eb5308b",
    "https://dev.jspm.io/npm:@jspm/core@1.1.1/nodelibs/chunk-cffba9d4.js": "828106629f0bca2a4fe5b7c0c93886a765c5e657c54e1eb66caab17f90af1d44",
    "https://dev.jspm.io/npm:@jspm/core@1.1.1/nodelibs/chunk-dac557ba.js": "67f6113bb14172403186b2d0618d23d50aeb9dc3e90be372735af6638567d211",
    "https://dev.jspm.io/npm:@jspm/core@1.1.1/nodelibs/events.js": "5dead024fc719a520451f9b05f32fb4ef96b3c4c70ed6c79dd5bab394cb7eb07",
    "https://dev.jspm.io/npm:@jspm/core@1.1.1/nodelibs/stream.js": "af1167137ffceca34b580cc8a327ec1f68eeb10e2c69ac95d2a89201eebbd626",
    "https://dev.jspm.io/npm:@jspm/core@1.1.1/nodelibs/util.js": "87dbc138f2c5bf57f45a198903a4c9100f32531a24fc98a08dbfe60127061366",
    "https://dev.jspm.io/npm:@jspm/core@1/nodelibs/buffer.js": "e1528fa2ead187791c140975618561a65c8450c15405632a158bf291e3e4377e",
    "https://dev.jspm.io/npm:@jspm/core@1/nodelibs/stream.js": "2cb9d8c2dc4039962acc95713ef7c0aabd1db36c2cc0cc41432d151659337884",
    "https://dev.jspm.io/npm:immediate@3.0.6/lib/browser.dew.js": "3f8bd0d4f5a934c834ea08de6ca293230978fc428082f88bb9129b8954628312",
    "https://dev.jspm.io/npm:immediate@3.0?dew": "0badcbfe6009e7f11cddea986ce57d4c49de5d328c58dbd809c98d987cc5aa4a",
    "https://dev.jspm.io/npm:jszip@3.5.0/lib/base64.dew.js": "2f5cfe1491cb419558d74597803ef3da2bc9bba80f357707410cd8c68b8fc0c0",
    "https://dev.jspm.io/npm:jszip@3.5.0/lib/compressedObject.dew.js": "f6fad6514fb00c47e8ed875a3da7a4bde320e0306b21e6c2b17ac5497c3b18c4",
    "https://dev.jspm.io/npm:jszip@3.5.0/lib/compressions.dew.js": "a55f238ad43547176fdd439667f47da0f68ae909a21f027260669d68c5a99b98",
    "https://dev.jspm.io/npm:jszip@3.5.0/lib/crc32.dew.js": "9cddcf121c08687c87288279559fe8deec1c9f3d61e93ecf3d3e8a077b113202",
    "https://dev.jspm.io/npm:jszip@3.5.0/lib/defaults.dew.js": "2d4bdf33ad96e4f444314072c57277dcce2d88b3591d11bae8520d21009cfabc",
    "https://dev.jspm.io/npm:jszip@3.5.0/lib/external.dew.js": "4afbf03e5b7080aa7c72af199dbc58a3bf4ca1338ab916b664f81d2fc81bbbce",
    "https://dev.jspm.io/npm:jszip@3.5.0/lib/flate.dew.js": "2ff443b2bdda90d16c1a5743f365df8429ede43cebae937899240dccf6544cc2",
    "https://dev.jspm.io/npm:jszip@3.5.0/lib/generate/ZipFileWorker.dew.js": "63c8f972ee83028cab9c12af9b7ce422aa4bb0ddbae29f23c92058c0497086c5",
    "https://dev.jspm.io/npm:jszip@3.5.0/lib/generate/index.dew.js": "592ce977d286d2140e9a3da85f354f6490c499734a13c9f86702d5ace61920ed",
    "https://dev.jspm.io/npm:jszip@3.5.0/lib/index.dew.js": "e9954130986b894b6d908feb0f212278517265eac82f4290af803aa53bcc20bf",
    "https://dev.jspm.io/npm:jszip@3.5.0/lib/load.dew.js": "d2b9daad018ca9a853cf410bcbfa7c7d14f3d8116843a4e90eea958e150cb2cc",
    "https://dev.jspm.io/npm:jszip@3.5.0/lib/nodejs/NodejsStreamInputAdapter.dew.js": "9ea1bfc95d2a9c1aba2378a74875dea3116c0a786bc3a8ff571397c999381882",
    "https://dev.jspm.io/npm:jszip@3.5.0/lib/nodejs/NodejsStreamOutputAdapter.dew.js": "7461efb9b1200107ba43a20b914949c6d12abee537bfae8f609c493b62671bb7",
    "https://dev.jspm.io/npm:jszip@3.5.0/lib/nodejsUtils.dew.js": "eac5792521849da5b6b348cf73337f11267372ae9ff8f5606e2554bd127b583b",
    "https://dev.jspm.io/npm:jszip@3.5.0/lib/object.dew.js": "f390ff911247980cbb868b27e4eeec56589cd1900ca281edd6c9a198b0ad3682",
    "https://dev.jspm.io/npm:jszip@3.5.0/lib/readable-stream-browser.dew.js": "46f2f1378b2c857055dcd8421550e722665188be9b5bb856003ad2483dde53d3",
    "https://dev.jspm.io/npm:jszip@3.5.0/lib/reader/ArrayReader.dew.js": "c26295fd75853c20b6cde7eb398f3d6c604208ff37b04be45d4a424922ca420e",
    "https://dev.jspm.io/npm:jszip@3.5.0/lib/reader/DataReader.dew.js": "63afcfffbe56107da1e868b9826c6a18ce4eb4a1ecc738af115c395215e072be",
    "https://dev.jspm.io/npm:jszip@3.5.0/lib/reader/NodeBufferReader.dew.js": "57e9ac412c0c0ed8c2e3cc3fbb6567e8f6720f5199c2dc79cf969193b96230c4",
    "https://dev.jspm.io/npm:jszip@3.5.0/lib/reader/StringReader.dew.js": "e6f1b7d8c0984c5bde3cf59ca085b8808ad8a5e8f2086e0d801ea714a1e0ed7f",
    "https://dev.jspm.io/npm:jszip@3.5.0/lib/reader/Uint8ArrayReader.dew.js": "1c58ddc47a7ace9e3c538d7e2f4b43a3440c42e6739df81e3a198a66814e4ebb",
    "https://dev.jspm.io/npm:jszip@3.5.0/lib/reader/readerFor.dew.js": "9d99326eb660151c93981710362675b9fedd05a6555355c9639c71603fc8fac9",
    "https://dev.jspm.io/npm:jszip@3.5.0/lib/signature.dew.js": "41074b38a819c29db94411de26de234df7711af170b34a68f67bf8971eae4744",
    "https://dev.jspm.io/npm:jszip@3.5.0/lib/stream/ConvertWorker.dew.js": "70e922952d5dafcaacdbc5f38d9bbedf8ccab81d438bc28e4eba422253b5e891",
    "https://dev.jspm.io/npm:jszip@3.5.0/lib/stream/Crc32Probe.dew.js": "2ec0f4c7c267ed0cae82ac06caf1c471b15c283655ddd94d2054c1f5b67a3cbf",
    "https://dev.jspm.io/npm:jszip@3.5.0/lib/stream/DataLengthProbe.dew.js": "23d224b1736155f2236e6b52a9fdb452f7bb14d5885746a4674684b9767028eb",
    "https://dev.jspm.io/npm:jszip@3.5.0/lib/stream/DataWorker.dew.js": "dc5e7f0131651a52755dab8bae7319594de6470cec81ab869939f4c52409035a",
    "https://dev.jspm.io/npm:jszip@3.5.0/lib/stream/GenericWorker.dew.js": "5ed08554cee0e3f18bd27f5145068bcf1a57cd1423d5fe0f13608bf48da71691",
    "https://dev.jspm.io/npm:jszip@3.5.0/lib/stream/StreamHelper.dew.js": "a13f90ab3ed57695f020f78a29128c72ba5bb7ef058294299423b9ddcf210a96",
    "https://dev.jspm.io/npm:jszip@3.5.0/lib/support.dew.js": "a6f6c18f82820e56dfb626f7ee58c27a118b8dbe0de1b28de1f1258f5ccd939f",
    "https://dev.jspm.io/npm:jszip@3.5.0/lib/utf8.dew.js": "491496af1191d1b849e93d331444a986e11a8756ad1ef2356cbd4fe4edfc4c1c",
    "https://dev.jspm.io/npm:jszip@3.5.0/lib/utils.dew.js": "b6baa156bf547aa8895ca72ccf70d4a9cacbb01a7b1f831cddbd615b10693031",
    "https://dev.jspm.io/npm:jszip@3.5.0/lib/zipEntries.dew.js": "ecc59611f7d561ae9c8f93de9226eb86c0734ce632f954f12d737d2adf1a7d9e",
    "https://dev.jspm.io/npm:jszip@3.5.0/lib/zipEntry.dew.js": "7f5908dfebef21d78e07f2f07102895fc85e06bf78889abf766f9e88fa95a435",
    "https://dev.jspm.io/npm:jszip@3.5.0/lib/zipObject.dew.js": "701762c2d3bca255101d4027d66ceda9d39bcac00a452543eb79e0d8d576c430",
    "https://dev.jspm.io/npm:lie@3.3.0/lib/browser.dew.js": "dba89e953352739c5de92bbfd3bdb6ee77dc87f2eeea1b6c5d817200e7a7c738",
    "https://dev.jspm.io/npm:lie@3.3?dew": "46979d31552d46dedcf6691700d4fe1aedc8f2557e038b9478638b04e84a045a",
    "https://dev.jspm.io/npm:pako@1.0.11/index.dew.js": "2a66f549ab1b4c2b2b186ab3f58795ce49d9a6e889c577411ee6f63e17cde451",
    "https://dev.jspm.io/npm:pako@1.0.11/lib/deflate.dew.js": "7942559d1a655c766df8c3402fdfc813ee9c53dcf0fe168b017fb48f0a211d78",
    "https://dev.jspm.io/npm:pako@1.0.11/lib/inflate.dew.js": "34d9cfbf64c1fa09a2557acc5f3e94c24adef13b2d0608f590c45dc017f6135e",
    "https://dev.jspm.io/npm:pako@1.0.11/lib/utils/common.dew.js": "c3afb41d51a9e12aecfc520bca34e3afefb54793333655a240cd34ecafbcdb4c",
    "https://dev.jspm.io/npm:pako@1.0.11/lib/utils/strings.dew.js": "0842a14627c7d6b132fe7f1c782f4576934ac2f422dac18d5466a41b88ca08cc",
    "https://dev.jspm.io/npm:pako@1.0.11/lib/zlib/adler32.dew.js": "3569d88f7b3f7ffbc8fda8c063ac567f27e3e96db1136cb0ea058cd891bee6bd",
    "https://dev.jspm.io/npm:pako@1.0.11/lib/zlib/constants.dew.js": "77f56d5e695e3dc002dea44bc6427796546b6c91216ce63a718eed53a0d07696",
    "https://dev.jspm.io/npm:pako@1.0.11/lib/zlib/crc32.dew.js": "31ff58c544751fbb0bdbea520772c518517d45c9856fbaac0e20982f4f2b3d54",
    "https://dev.jspm.io/npm:pako@1.0.11/lib/zlib/deflate.dew.js": "af7933a8317bd48559222b8177ee8a79ab645d9e951ae927c2c7f76aa2ecca3f",
    "https://dev.jspm.io/npm:pako@1.0.11/lib/zlib/gzheader.dew.js": "b64e786bc4382fa678507acb4aaf4c1fd3fdeedf754f308aa456a1d58a086f03",
    "https://dev.jspm.io/npm:pako@1.0.11/lib/zlib/inffast.dew.js": "9657a8c3df32e5d2e4316e0ef8ddbd3bfa53a0a394ce3d1e8b2b13c2d66b74c7",
    "https://dev.jspm.io/npm:pako@1.0.11/lib/zlib/inflate.dew.js": "fab6d3e590b9b942e3c0bb5c6c3a6df2c75a469b2dcee2ee594e785b184595b0",
    "https://dev.jspm.io/npm:pako@1.0.11/lib/zlib/inftrees.dew.js": "35fc7e7d0488f969efeed5733e41377572c41d75ff8a66a3de8ea9dd0e25f091",
    "https://dev.jspm.io/npm:pako@1.0.11/lib/zlib/messages.dew.js": "bc3a10c419b88d75a26eb77b06945e9cd7053cb56f85a73cc651854ab747292a",
    "https://dev.jspm.io/npm:pako@1.0.11/lib/zlib/trees.dew.js": "211b58aa4a61cfeb8e33a6a2e442bc56f46dc121f47e57aed409d3b021d0dd0e",
    "https://dev.jspm.io/npm:pako@1.0.11/lib/zlib/zstream.dew.js": "faa04bd2b4ec4ac97d15508013d7cf3970b133f50bc4a331dac26ed2a46bb682",
    "https://dev.jspm.io/npm:pako@1.0?dew": "5da18119c843c43b6ad222fbe3c4bfe264a7130596af14c81d643234eabd9510",
    "https://dev.jspm.io/npm:set-immediate-shim@1.0.1/index.dew.js": "df5c3d84288f2b39f95cc09fc2033fdfbf13a8aaeb0672883bc3776277b22e3b",
    "https://dev.jspm.io/npm:set-immediate-shim@1.0?dew": "11472693ede0bdd09d26c940b0ffafd6a5d8c4940bfa953aea01cb2951d2d698"
  }
}
